
Microsoft Visual Studio Solution File, Format Version 12.00
# Visual Studio Version 16
VisualStudioVersion = 16.0.30804.86
MinimumVisualStudioVersion = 10.0.40219.1
Project("{FAE04EC0-301F-11D3-BF4B-00C04F79EFBC}") = "Delfinovin", "Delfinovin\Delfinovin.csproj", "{48AD61F5-90EB-45E4-9BFB-F7CE43C8F68F}"
EndProject
Global
	GlobalSection(SolutionConfigurationPlatforms) = preSolution
		Debug|Any CPU = Debug|Any CPU
		Release|Any CPU = Release|Any CPU
	EndGlobalSection
	GlobalSection(ProjectConfigurationPlatforms) = postSolution
		{48AD61F5-90EB-45E4-9BFB-F7CE43C8F68F}.Debug|Any CPU.ActiveCfg = Debug|Any CPU
		{48AD61F5-90EB-45E4-9BFB-F7CE43C8F68F}.Debug|Any CPU.Build.0 = Debug|Any CPU
		{48AD61F5-90EB-45E4-9BFB-F7CE43C8F68F}.Release|Any CPU.ActiveCfg = Release|Any CPU
		{48AD61F5-90EB-45E4-9BFB-F7CE43C8F68F}.Release|Any CPU.Build.0 = Release|Any CPU
	EndGlobalSection
	GlobalSection(SolutionProperties) = preSolution
		HideSolutionNode = FALSE
	EndGlobalSection
	GlobalSection(ExtensibilityGlobals) = postSolution
		SolutionGuid = {05CD7BE2-C942-4A9C-860B-B82A84469ECD}
	EndGlobalSection
EndGlobal
